// !$*UTF8*$!
{
	archiveVersion = 1;
	classes = {
	};
	objectVersion = 48;
	objects = {

/* Begin PBXBuildFile section */
		DAA24F8C1FAAE2790010CFF7 /* main.cpp in Sources */ = {isa = PBXBuildFile; fileRef = DAA24F8B1FAAE2790010CFF7 /* main.cpp */; };
		DAA24FAF1FAAED9C0010CFF7 /* snappy.cc.o in Frameworks */ = {isa = PBXBuildFile; fileRef = DAA24FAA1FAAED9C0010CFF7 /* snappy.cc.o */; };
		DAA24FB01FAAED9C0010CFF7 /* 1.txt in Frameworks */ = {isa = PBXBuildFile; fileRef = DAA24FAB1FAAED9C0010CFF7 /* 1.txt */; };
		DAA24FB11FAAED9C0010CFF7 /* snappy-c.cc.o in Frameworks */ = {isa = PBXBuildFile; fileRef = DAA24FAC1FAAED9C0010CFF7 /* snappy-c.cc.o */; };
		DAA24FB21FAAED9C0010CFF7 /* snappy-stubs-internal.cc.o in Frameworks */ = {isa = PBXBuildFile; fileRef = DAA24FAD1FAAED9C0010CFF7 /* snappy-stubs-internal.cc.o */; };
		DAA24FB31FAAED9C0010CFF7 /* snappy-sinksource.cc.o in Frameworks */ = {isa = PBXBuildFile; fileRef = DAA24FAE1FAAED9C0010CFF7 /* snappy-sinksource.cc.o */; };
/* End PBXBuildFile section */

/* Begin PBXCopyFilesBuildPhase section */
		DAA24F861FAAE2790010CFF7 /* CopyFiles */ = {
			isa = PBXCopyFilesBuildPhase;
			buildActionMask = 2147483647;
			dstPath = /usr/share/man/man1/;
			dstSubfolderSpec = 0;
			files = (
			);
			runOnlyForDeploymentPostprocessing = 1;
		};
/* End PBXCopyFilesBuildPhase section */

/* Begin PBXFileReference section */
		DAA24F8B1FAAE2790010CFF7 /* main.cpp */ = {isa = PBXFileReference; lastKnownFileType = sourcecode.cpp.cpp; path = main.cpp; sourceTree = "<group>"; };
		DAA24F971FAAEB320010CFF7 /* snappy.h */ = {isa = PBXFileReference; lastKnownFileType = sourcecode.c.h; path = snappy.h; sourceTree = "<group>"; };
		DAA24F981FAAEB510010CFF7 /* snappy-sinksource.h */ = {isa = PBXFileReference; lastKnownFileType = sourcecode.c.h; path = "snappy-sinksource.h"; sourceTree = "<group>"; };
		DAA24F991FAAEB510010CFF7 /* snappy-stubs-public.h.in */ = {isa = PBXFileReference; lastKnownFileType = text; path = "snappy-stubs-public.h.in"; sourceTree = "<group>"; };
		DAA24F9A1FAAEB510010CFF7 /* snappy.cc */ = {isa = PBXFileReference; lastKnownFileType = sourcecode.cpp.cpp; path = snappy.cc; sourceTree = "<group>"; };
		DAA24F9B1FAAEB510010CFF7 /* snappy-sinksource.cc */ = {isa = PBXFileReference; lastKnownFileType = sourcecode.cpp.cpp; path = "snappy-sinksource.cc"; sourceTree = "<group>"; };
		DAA24F9C1FAAEB510010CFF7 /* snappy-stubs-internal.h */ = {isa = PBXFileReference; lastKnownFileType = sourcecode.c.h; path = "snappy-stubs-internal.h"; sourceTree = "<group>"; };
		DAA24F9D1FAAEB510010CFF7 /* snappy-c.cc */ = {isa = PBXFileReference; lastKnownFileType = sourcecode.cpp.cpp; path = "snappy-c.cc"; sourceTree = "<group>"; };
		DAA24F9E1FAAEB510010CFF7 /* snappy-test.h */ = {isa = PBXFileReference; lastKnownFileType = sourcecode.c.h; path = "snappy-test.h"; sourceTree = "<group>"; };
		DAA24F9F1FAAEB510010CFF7 /* snappy-c.h */ = {isa = PBXFileReference; lastKnownFileType = sourcecode.c.h; path = "snappy-c.h"; sourceTree = "<group>"; };
		DAA24FA01FAAEB520010CFF7 /* snappy_unittest.cc */ = {isa = PBXFileReference; lastKnownFileType = sourcecode.cpp.cpp; path = snappy_unittest.cc; sourceTree = "<group>"; };
		DAA24FA11FAAEB520010CFF7 /* snappy-stubs-internal.cc */ = {isa = PBXFileReference; lastKnownFileType = sourcecode.cpp.cpp; path = "snappy-stubs-internal.cc"; sourceTree = "<group>"; };
		DAA24FA21FAAEB520010CFF7 /* snappy-internal.h */ = {isa = PBXFileReference; lastKnownFileType = sourcecode.c.h; path = "snappy-internal.h"; sourceTree = "<group>"; };
		DAA24FA31FAAEB520010CFF7 /* snappy-test.cc */ = {isa = PBXFileReference; lastKnownFileType = sourcecode.cpp.cpp; path = "snappy-test.cc"; sourceTree = "<group>"; };
		DAA24FA41FAAEB690010CFF7 /* snappy-stubs-public.h */ = {isa = PBXFileReference; lastKnownFileType = sourcecode.c.h; path = "snappy-stubs-public.h"; sourceTree = "<group>"; };
		DAA24FA61FAAECC50010CFF7 /* snappy */ = {isa = PBXFileReference; lastKnownFileType = folder; name = snappy; path = ../snappy; sourceTree = "<group>"; };
		DAA24FA81FAAED830010CFF7 /* libsnappy */ = {isa = PBXFileReference; lastKnownFileType = folder; name = libsnappy; path = ../snappy/build/libsnappy; sourceTree = "<group>"; };
		DAA24FAA1FAAED9C0010CFF7 /* snappy.cc.o */ = {isa = PBXFileReference; lastKnownFileType = "compiled.mach-o.objfile"; name = snappy.cc.o; path = ../snappy/build/libsnappy/snappy.cc.o; sourceTree = "<group>"; };
		DAA24FAB1FAAED9C0010CFF7 /* 1.txt */ = {isa = PBXFileReference; lastKnownFileType = text; name = 1.txt; path = ../snappy/build/libsnappy/1.txt; sourceTree = "<group>"; };
		DAA24FAC1FAAED9C0010CFF7 /* snappy-c.cc.o */ = {isa = PBXFileReference; lastKnownFileType = "compiled.mach-o.objfile"; name = "snappy-c.cc.o"; path = "../snappy/build/libsnappy/snappy-c.cc.o"; sourceTree = "<group>"; };
		DAA24FAD1FAAED9C0010CFF7 /* snappy-stubs-internal.cc.o */ = {isa = PBXFileReference; lastKnownFileType = "compiled.mach-o.objfile"; name = "snappy-stubs-internal.cc.o"; path = "../snappy/build/libsnappy/snappy-stubs-internal.cc.o"; sourceTree = "<group>"; };
		DAA24FAE1FAAED9C0010CFF7 /* snappy-sinksource.cc.o */ = {isa = PBXFileReference; lastKnownFileType = "compiled.mach-o.objfile"; name = "snappy-sinksource.cc.o"; path = "../snappy/build/libsnappy/snappy-sinksource.cc.o"; sourceTree = "<group>"; };
		DAA2B66E1FAAFD700010CFF7 /* Snapp-c */ = {isa = PBXFileReference; explicitFileType = "compiled.mach-o.executable"; includeInIndex = 0; path = "Snapp-c"; sourceTree = BUILT_PRODUCTS_DIR; };
/* End PBXFileReference section */

/* Begin PBXFrameworksBuildPhase section */
		DAA24F851FAAE2790010CFF7 /* Frameworks */ = {
			isa = PBXFrameworksBuildPhase;
			buildActionMask = 2147483647;
			files = (
				DAA24FAF1FAAED9C0010CFF7 /* snappy.cc.o in Frameworks */,
				DAA24FB01FAAED9C0010CFF7 /* 1.txt in Frameworks */,
				DAA24FB11FAAED9C0010CFF7 /* snappy-c.cc.o in Frameworks */,
				DAA24FB21FAAED9C0010CFF7 /* snappy-stubs-internal.cc.o in Frameworks */,
				DAA24FB31FAAED9C0010CFF7 /* snappy-sinksource.cc.o in Frameworks */,
			);
			runOnlyForDeploymentPostprocessing = 0;
		};
/* End PBXFrameworksBuildPhase section */

/* Begin PBXGroup section */
		DAA24F7F1FAAE2780010CFF7 = {
			isa = PBXGroup;
			children = (
				DAA24F8A1FAAE2790010CFF7 /* Snapp-c */,
				DAA24FA51FAAECC50010CFF7 /* Frameworks */,
				DAA2B66E1FAAFD700010CFF7 /* Snapp-c */,
			);
			sourceTree = "<group>";
		};
		DAA24F8A1FAAE2790010CFF7 /* Snapp-c */ = {
			isa = PBXGroup;
			children = (
				DAA24F8B1FAAE2790010CFF7 /* main.cpp */,
				DAA24F971FAAEB320010CFF7 /* snappy.h */,
				DAA24FA01FAAEB520010CFF7 /* snappy_unittest.cc */,
				DAA24F9D1FAAEB510010CFF7 /* snappy-c.cc */,
				DAA24F9F1FAAEB510010CFF7 /* snappy-c.h */,
				DAA24FA21FAAEB520010CFF7 /* snappy-internal.h */,
				DAA24F9B1FAAEB510010CFF7 /* snappy-sinksource.cc */,
				DAA24F981FAAEB510010CFF7 /* snappy-sinksource.h */,
				DAA24FA11FAAEB520010CFF7 /* snappy-stubs-internal.cc */,
				DAA24F9C1FAAEB510010CFF7 /* snappy-stubs-internal.h */,
				DAA24FA41FAAEB690010CFF7 /* snappy-stubs-public.h */,
				DAA24F991FAAEB510010CFF7 /* snappy-stubs-public.h.in */,
				DAA24FA31FAAEB520010CFF7 /* snappy-test.cc */,
				DAA24F9E1FAAEB510010CFF7 /* snappy-test.h */,
				DAA24F9A1FAAEB510010CFF7 /* snappy.cc */,
			);
			path = "Snapp-c";
			sourceTree = "<group>";
		};
		DAA24FA51FAAECC50010CFF7 /* Frameworks */ = {
			isa = PBXGroup;
			children = (
				DAA24FAB1FAAED9C0010CFF7 /* 1.txt */,
				DAA24FAC1FAAED9C0010CFF7 /* snappy-c.cc.o */,
				DAA24FAE1FAAED9C0010CFF7 /* snappy-sinksource.cc.o */,
				DAA24FAD1FAAED9C0010CFF7 /* snappy-stubs-internal.cc.o */,
				DAA24FAA1FAAED9C0010CFF7 /* snappy.cc.o */,
				DAA24FA81FAAED830010CFF7 /* libsnappy */,
				DAA24FA61FAAECC50010CFF7 /* snappy */,
			);
			name = Frameworks;
			sourceTree = "<group>";
		};
/* End PBXGroup section */

/* Begin PBXNativeTarget section */
		DAA24F871FAAE2790010CFF7 /* Snapp-c */ = {
			isa = PBXNativeTarget;
			buildConfigurationList = DAA24F8F1FAAE2790010CFF7 /* Build configuration list for PBXNativeTarget "Snapp-c" */;
			buildPhases = (
				DAA24F841FAAE2790010CFF7 /* Sources */,
				DAA24F851FAAE2790010CFF7 /* Frameworks */,
				DAA24F861FAAE2790010CFF7 /* CopyFiles */,
			);
			buildRules = (
			);
			dependencies = (
			);
			name = "Snapp-c";
			productName = "Snapp-c";
			productReference = DAA2B66E1FAAFD700010CFF7 /* Snapp-c */;
			productType = "com.apple.product-type.tool";
		};
/* End PBXNativeTarget section */

/* Begin PBXProject section */
		DAA24F801FAAE2790010CFF7 /* Project object */ = {
			isa = PBXProject;
			attributes = {
				LastUpgradeCheck = 0900;
				ORGANIZATIONNAME = "manan mehta";
				TargetAttributes = {
					DAA24F871FAAE2790010CFF7 = {
						CreatedOnToolsVersion = 9.0.1;
						ProvisioningStyle = Automatic;
					};
				};
			};
			buildConfigurationList = DAA24F831FAAE2790010CFF7 /* Build configuration list for PBXProject "Snapp-c" */;
			compatibilityVersion = "Xcode 8.0";
			developmentRegion = en;
			hasScannedForEncodings = 0;
			knownRegions = (
				en,
			);
			mainGroup = DAA24F7F1FAAE2780010CFF7;
			productRefGroup = DAA24F7F1FAAE2780010CFF7;
			projectDirPath = "";
			projectRoot = "";
			targets = (
				DAA24F871FAAE2790010CFF7 /* Snapp-c */,
			);
		};
/* End PBXProject section */

/* Begin PBXSourcesBuildPhase section */
		DAA24F841FAAE2790010CFF7 /* Sources */ = {
			isa = PBXSourcesBuildPhase;
			buildActionMask = 2147483647;
			files = (
				DAA24F8C1FAAE2790010CFF7 /* main.cpp in Sources */,
			);
			runOnlyForDeploymentPostprocessing = 0;
		};
/* End PBXSourcesBuildPhase section */

/* Begin XCBuildConfiguration section */
		DAA24F8D1FAAE2790010CFF7 /* Debug */ = {
			isa = XCBuildConfiguration;
			buildSettings = {
				ALWAYS_SEARCH_USER_PATHS = NO;
				CLANG_ANALYZER_NONNULL = YES;
				CLANG_ANALYZER_NUMBER_OBJECT_CONVERSION = YES_AGGRESSIVE;
				CLANG_CXX_LANGUAGE_STANDARD = "gnu++14";
				CLANG_CXX_LIBRARY = "libc++";
				CLANG_ENABLE_MODULES = YES;
				CLANG_ENABLE_OBJC_ARC = YES;
				CLANG_WARN_BLOCK_CAPTURE_AUTORELEASING = YES;
				CLANG_WARN_BOOL_CONVERSION = YES;
				CLANG_WARN_COMMA = YES;
				CLANG_WARN_CONSTANT_CONVERSION = YES;
				CLANG_WARN_DIRECT_OBJC_ISA_USAGE = YES_ERROR;
				CLANG_WARN_DOCUMENTATION_COMMENTS = YES;
				CLANG_WARN_EMPTY_BODY = YES;
				CLANG_WARN_ENUM_CONVERSION = YES;
				CLANG_WARN_INFINITE_RECURSION = YES;
				CLANG_WARN_INT_CONVERSION = YES;
				CLANG_WARN_NON_LITERAL_NULL_CONVERSION = YES;
				CLANG_WARN_OBJC_LITERAL_CONVERSION = YES;
				CLANG_WARN_OBJC_ROOT_CLASS = YES_ERROR;
				CLANG_WARN_RANGE_LOOP_ANALYSIS = YES;
				CLANG_WARN_STRICT_PROTOTYPES = YES;
				CLANG_WARN_SUSPICIOUS_MOVE = YES;
				CLANG_WARN_UNGUARDED_AVAILABILITY = YES_AGGRESSIVE;
				CLANG_WARN_UNREACHABLE_CODE = YES;
				CLANG_WARN__DUPLICATE_METHOD_MATCH = YES;
				CODE_SIGN_IDENTITY = "-";
				COPY_PHASE_STRIP = NO;
				DEBUG_INFORMATION_FORMAT = dwarf;
				ENABLE_STRICT_OBJC_MSGSEND = YES;
				ENABLE_TESTABILITY = YES;
				GCC_C_LANGUAGE_STANDARD = gnu11;
				GCC_DYNAMIC_NO_PIC = NO;
				GCC_NO_COMMON_BLOCKS = YES;
				GCC_OPTIMIZATION_LEVEL = 0;
				GCC_PREPROCESSOR_DEFINITIONS = (
					"DEBUG=1",
					"$(inherited)",
				);
				GCC_WARN_64_TO_32_BIT_CONVERSION = YES;
				GCC_WARN_ABOUT_RETURN_TYPE = YES_ERROR;
				GCC_WARN_UNDECLARED_SELECTOR = YES;
				GCC_WARN_UNINITIALIZED_AUTOS = YES_AGGRESSIVE;
				GCC_WARN_UNUSED_FUNCTION = YES;
				GCC_WARN_UNUSED_VARIABLE = YES;
				MACOSX_DEPLOYMENT_TARGET = 10.12;
				MTL_ENABLE_DEBUG_INFO = YES;
				ONLY_ACTIVE_ARCH = YES;
				SDKROOT = macosx;
			};
			name = Debug;
		};
		DAA24F8E1FAAE2790010CFF7 /* Release */ = {
			isa = XCBuildConfiguration;
			buildSettings = {
				ALWAYS_SEARCH_USER_PATHS = NO;
				CLANG_ANALYZER_NONNULL = YES;
				CLANG_ANALYZER_NUMBER_OBJECT_CONVERSION = YES_AGGRESSIVE;
				CLANG_CXX_LANGUAGE_STANDARD = "gnu++14";
				CLANG_CXX_LIBRARY = "libc++";
				CLANG_ENABLE_MODULES = YES;
				CLANG_ENABLE_OBJC_ARC = YES;
				CLANG_WARN_BLOCK_CAPTURE_AUTORELEASING = YES;
				CLANG_WARN_BOOL_CONVERSION = YES;
				CLANG_WARN_COMMA = YES;
				CLANG_WARN_CONSTANT_CONVERSION = YES;
				CLANG_WARN_DIRECT_OBJC_ISA_USAGE = YES_ERROR;
				CLANG_WARN_DOCUMENTATION_COMMENTS = YES;
				CLANG_WARN_EMPTY_BODY = YES;
				CLANG_WARN_ENUM_CONVERSION = YES;
				CLANG_WARN_INFINITE_RECURSION = YES;
				CLANG_WARN_INT_CONVERSION = YES;
				CLANG_WARN_NON_LITERAL_NULL_CONVERSION = YES;
				CLANG_WARN_OBJC_LITERAL_CONVERSION = YES;
				CLANG_WARN_OBJC_ROOT_CLASS = YES_ERROR;
				CLANG_WARN_RANGE_LOOP_ANALYSIS = YES;
				CLANG_WARN_STRICT_PROTOTYPES = YES;
				CLANG_WARN_SUSPICIOUS_MOVE = YES;
				CLANG_WARN_UNGUARDED_AVAILABILITY = YES_AGGRESSIVE;
				CLANG_WARN_UNREACHABLE_CODE = YES;
				CLANG_WARN__DUPLICATE_METHOD_MATCH = YES;
				CODE_SIGN_IDENTITY = "-";
				COPY_PHASE_STRIP = NO;
				DEBUG_INFORMATION_FORMAT = "dwarf-with-dsym";
				ENABLE_NS_ASSERTIONS = NO;
				ENABLE_STRICT_OBJC_MSGSEND = YES;
				GCC_C_LANGUAGE_STANDARD = gnu11;
				GCC_NO_COMMON_BLOCKS = YES;
				GCC_WARN_64_TO_32_BIT_CONVERSION = YES;
				GCC_WARN_ABOUT_RETURN_TYPE = YES_ERROR;
				GCC_WARN_UNDECLARED_SELECTOR = YES;
				GCC_WARN_UNINITIALIZED_AUTOS = YES_AGGRESSIVE;
				GCC_WARN_UNUSED_FUNCTION = YES;
				GCC_WARN_UNUSED_VARIABLE = YES;
				MACOSX_DEPLOYMENT_TARGET = 10.12;
				MTL_ENABLE_DEBUG_INFO = NO;
				SDKROOT = macosx;
			};
			name = Release;
		};
		DAA24F901FAAE2790010CFF7 /* Debug */ = {
			isa = XCBuildConfiguration;
			buildSettings = {
				CODE_SIGN_STYLE = Automatic;
				HEADER_SEARCH_PATHS = (
					"/Users/mananmehta/Google\\ Drive/cmpe220\\ project/CMPE-220/snappy,",
					/Users/mananmehta/Downloads/boost_1_61_0,
				);
				PRODUCT_NAME = "$(TARGET_NAME)";
			};
			name = Debug;
		};
		DAA24F911FAAE2790010CFF7 /* Release */ = {
			isa = XCBuildConfiguration;
			buildSettings = {
				CODE_SIGN_STYLE = Automatic;
				HEADER_SEARCH_PATHS = (
					"/Users/mananmehta/Google\\ Drive/cmpe220\\ project/CMPE-220/snappy,",
					/Users/mananmehta/Downloads/boost_1_61_0,
				);
				PRODUCT_NAME = "$(TARGET_NAME)";
			};
			name = Release;
		};
/* End XCBuildConfiguration section */

/* Begin XCConfigurationList section */
		DAA24F831FAAE2790010CFF7 /* Build configuration list for PBXProject "Snapp-c" */ = {
			isa = XCConfigurationList;
			buildConfigurations = (
				DAA24F8D1FAAE2790010CFF7 /* Debug */,
				DAA24F8E1FAAE2790010CFF7 /* Release */,
			);
			defaultConfigurationIsVisible = 0;
			defaultConfigurationName = Release;
		};
		DAA24F8F1FAAE2790010CFF7 /* Build configuration list for PBXNativeTarget "Snapp-c" */ = {
			isa = XCConfigurationList;
			buildConfigurations = (
				DAA24F901FAAE2790010CFF7 /* Debug */,
				DAA24F911FAAE2790010CFF7 /* Release */,
			);
			defaultConfigurationIsVisible = 0;
			defaultConfigurationName = Release;
		};
/* End XCConfigurationList section */
	};
	rootObject = DAA24F801FAAE2790010CFF7 /* Project object */;
}
